
Microsoft Visual Studio Solution File, Format Version 12.00
# Visual Studio Version 17
VisualStudioVersion = 17.14.36908.2 d17.14
MinimumVisualStudioVersion = 10.0.40219.1
Project("{FAE04EC0-301F-11D3-BF4B-00C04F79EFBC}") = "BagoScout", "BagoScout\BagoScout.csproj", "{7AB2B41D-7C26-4EA4-844B-124FA21E62F6}"
EndProject
Global
	GlobalSection(SolutionConfigurationPlatforms) = preSolution
		Debug|Any CPU = Debug|Any CPU
		Release|Any CPU = Release|Any CPU
	EndGlobalSection
	GlobalSection(ProjectConfigurationPlatforms) = postSolution
		{7AB2B41D-7C26-4EA4-844B-124FA21E62F6}.Debug|Any CPU.ActiveCfg = Debug|Any CPU
		{7AB2B41D-7C26-4EA4-844B-124FA21E62F6}.Debug|Any CPU.Build.0 = Debug|Any CPU
		{7AB2B41D-7C26-4EA4-844B-124FA21E62F6}.Release|Any CPU.ActiveCfg = Release|Any CPU
		{7AB2B41D-7C26-4EA4-844B-124FA21E62F6}.Release|Any CPU.Build.0 = Release|Any CPU
	EndGlobalSection
	GlobalSection(SolutionProperties) = preSolution
		HideSolutionNode = FALSE
	EndGlobalSection
	GlobalSection(ExtensibilityGlobals) = postSolution
		SolutionGuid = {B6B312AE-D311-4433-9DCD-7041112234BC}
	EndGlobalSection
EndGlobal
